
Microsoft Visual Studio Solution File, Format Version 12.00
# Visual Studio Version 17
VisualStudioVersion = 17.13.35931.197 d17.13
MinimumVisualStudioVersion = 10.0.40219.1
Project("{FAE04EC0-301F-11D3-BF4B-00C04F79EFBC}") = "RAD_Demo", "RAD_Demo\RAD_Demo.csproj", "{C5F2B142-35F1-4419-ACF8-43B3C7D9E1AC}"
EndProject
Global
	GlobalSection(SolutionConfigurationPlatforms) = preSolution
		Debug|Any CPU = Debug|Any CPU
		Release|Any CPU = Release|Any CPU
	EndGlobalSection
	GlobalSection(ProjectConfigurationPlatforms) = postSolution
		{C5F2B142-35F1-4419-ACF8-43B3C7D9E1AC}.Debug|Any CPU.ActiveCfg = Debug|Any CPU
		{C5F2B142-35F1-4419-ACF8-43B3C7D9E1AC}.Debug|Any CPU.Build.0 = Debug|Any CPU
		{C5F2B142-35F1-4419-ACF8-43B3C7D9E1AC}.Release|Any CPU.ActiveCfg = Release|Any CPU
		{C5F2B142-35F1-4419-ACF8-43B3C7D9E1AC}.Release|Any CPU.Build.0 = Release|Any CPU
	EndGlobalSection
	GlobalSection(SolutionProperties) = preSolution
		HideSolutionNode = FALSE
	EndGlobalSection
	GlobalSection(ExtensibilityGlobals) = postSolution
		SolutionGuid = {22C01D3A-E05F-48ED-9ABA-E6D983E959BF}
	EndGlobalSection
EndGlobal
